
Microsoft Visual Studio Solution File, Format Version 12.00
# Visual Studio 15
VisualStudioVersion = 15.0.28307.168
MinimumVisualStudioVersion = 10.0.40219.1
Project("{FAE04EC0-301F-11D3-BF4B-00C04F79EFBC}") = "ExtractWebContent", "ExtractWebContent\ExtractWebContent.csproj", "{07B89F9D-56BA-4548-BC98-4B33F21AF4AD}"
EndProject
Global
	GlobalSection(SolutionConfigurationPlatforms) = preSolution
		Debug|Any CPU = Debug|Any CPU
		Release|Any CPU = Release|Any CPU
	EndGlobalSection
	GlobalSection(ProjectConfigurationPlatforms) = postSolution
		{07B89F9D-56BA-4548-BC98-4B33F21AF4AD}.Debug|Any CPU.ActiveCfg = Debug|Any CPU
		{07B89F9D-56BA-4548-BC98-4B33F21AF4AD}.Debug|Any CPU.Build.0 = Debug|Any CPU
		{07B89F9D-56BA-4548-BC98-4B33F21AF4AD}.Release|Any CPU.ActiveCfg = Release|Any CPU
		{07B89F9D-56BA-4548-BC98-4B33F21AF4AD}.Release|Any CPU.Build.0 = Release|Any CPU
	EndGlobalSection
	GlobalSection(SolutionProperties) = preSolution
		HideSolutionNode = FALSE
	EndGlobalSection
	GlobalSection(ExtensibilityGlobals) = postSolution
		SolutionGuid = {F2FEB16B-1127-4FD2-89A7-BD2B763CE078}
	EndGlobalSection
EndGlobal
